// !$*UTF8*$!
{
	archiveVersion = 1;
	classes = {
	};
	objectVersion = 50;
	objects = {

/* Begin PBXBuildFile section */
		F0494BD2249FA770007FAD83 /* CalendarCollectionViewCell.swift in Sources */ = {isa = PBXBuildFile; fileRef = F0494BD0249FA770007FAD83 /* CalendarCollectionViewCell.swift */; };
		F0494BD3249FA770007FAD83 /* CalendarCollectionViewCell.xib in Resources */ = {isa = PBXBuildFile; fileRef = F0494BD1249FA770007FAD83 /* CalendarCollectionViewCell.xib */; };
		F0494BD5249FAFDC007FAD83 /* CalendarRouter.swift in Sources */ = {isa = PBXBuildFile; fileRef = F0494BD4249FAFDC007FAD83 /* CalendarRouter.swift */; };
		F04D143A249FEC270089CDDE /* UIView+Style.swift in Sources */ = {isa = PBXBuildFile; fileRef = F04D1439249FEC270089CDDE /* UIView+Style.swift */; };
		F04D143C249FECF30089CDDE /* CALayer+Borders.swift in Sources */ = {isa = PBXBuildFile; fileRef = F04D143B249FECF30089CDDE /* CALayer+Borders.swift */; };
		F070060F249E54FF0062799C /* Colors.swift in Sources */ = {isa = PBXBuildFile; fileRef = F070060E249E54FF0062799C /* Colors.swift */; };
		F0700612249E579A0062799C /* Organico-DEMO.ttf in Resources */ = {isa = PBXBuildFile; fileRef = F0700611249E579A0062799C /* Organico-DEMO.ttf */; };
		F0700614249E58190062799C /* Fonts.swift in Sources */ = {isa = PBXBuildFile; fileRef = F0700613249E58190062799C /* Fonts.swift */; };
		F070061C249E5ABE0062799C /* Aller_Rg.ttf in Resources */ = {isa = PBXBuildFile; fileRef = F0700615249E5ABD0062799C /* Aller_Rg.ttf */; };
		F070061D249E5ABE0062799C /* AllerDisplay.ttf in Resources */ = {isa = PBXBuildFile; fileRef = F0700616249E5ABE0062799C /* AllerDisplay.ttf */; };
		F070061E249E5ABE0062799C /* Aller_It.ttf in Resources */ = {isa = PBXBuildFile; fileRef = F0700617249E5ABE0062799C /* Aller_It.ttf */; };
		F070061F249E5ABE0062799C /* Aller_Lt.ttf in Resources */ = {isa = PBXBuildFile; fileRef = F0700618249E5ABE0062799C /* Aller_Lt.ttf */; };
		F0700620249E5ABE0062799C /* Aller_BdIt.ttf in Resources */ = {isa = PBXBuildFile; fileRef = F0700619249E5ABE0062799C /* Aller_BdIt.ttf */; };
		F0700621249E5ABE0062799C /* Aller_LtIt.ttf in Resources */ = {isa = PBXBuildFile; fileRef = F070061A249E5ABE0062799C /* Aller_LtIt.ttf */; };
		F0700622249E5ABE0062799C /* Aller_Bd.ttf in Resources */ = {isa = PBXBuildFile; fileRef = F070061B249E5ABE0062799C /* Aller_Bd.ttf */; };
		F0700624249E754F0062799C /* DateFormatter+Date.swift in Sources */ = {isa = PBXBuildFile; fileRef = F0700623249E754F0062799C /* DateFormatter+Date.swift */; };
		F0700626249E84060062799C /* HomePresenterDelegate.swift in Sources */ = {isa = PBXBuildFile; fileRef = F0700625249E84060062799C /* HomePresenterDelegate.swift */; };
		F070062B249FA48F0062799C /* CalendarViewController.swift in Sources */ = {isa = PBXBuildFile; fileRef = F0700629249FA48F0062799C /* CalendarViewController.swift */; };
		F070062C249FA48F0062799C /* CalendarViewController.xib in Resources */ = {isa = PBXBuildFile; fileRef = F070062A249FA48F0062799C /* CalendarViewController.xib */; };
		F0700631249FA4D40062799C /* CalendarPresenter.swift in Sources */ = {isa = PBXBuildFile; fileRef = F0700630249FA4D40062799C /* CalendarPresenter.swift */; };
		F0DF0F4424A2900D00FAF6F4 /* CalendarSelectedButton.swift in Sources */ = {isa = PBXBuildFile; fileRef = F0DF0F4324A2900D00FAF6F4 /* CalendarSelectedButton.swift */; };
		F0DF0F4824A65CA100FAF6F4 /* HomeTableViewCell.swift in Sources */ = {isa = PBXBuildFile; fileRef = F0DF0F4624A65CA100FAF6F4 /* HomeTableViewCell.swift */; };
		F0DF0F4924A65CA100FAF6F4 /* HomeTableViewCell.xib in Resources */ = {isa = PBXBuildFile; fileRef = F0DF0F4724A65CA100FAF6F4 /* HomeTableViewCell.xib */; };
		F0DF0F5424A6723F00FAF6F4 /* StructCodable.swift in Sources */ = {isa = PBXBuildFile; fileRef = F0DF0F5324A6723F00FAF6F4 /* StructCodable.swift */; };
		F0DF0F5624A6732E00FAF6F4 /* EventModel.swift in Sources */ = {isa = PBXBuildFile; fileRef = F0DF0F5524A6732E00FAF6F4 /* EventModel.swift */; };
		F0DF0F5824A676A500FAF6F4 /* events.json in Resources */ = {isa = PBXBuildFile; fileRef = F0DF0F5724A676A500FAF6F4 /* events.json */; };
		F0DF0F5A24A676EC00FAF6F4 /* BaseDataSource.swift in Sources */ = {isa = PBXBuildFile; fileRef = F0DF0F5924A676EC00FAF6F4 /* BaseDataSource.swift */; };
		F0DF0F6124A67B6A00FAF6F4 /* ErrorModel.swift in Sources */ = {isa = PBXBuildFile; fileRef = F0DF0F6024A67B6A00FAF6F4 /* ErrorModel.swift */; };
		F0DF0F6324A67DFA00FAF6F4 /* HomeDataSource.swift in Sources */ = {isa = PBXBuildFile; fileRef = F0DF0F6224A67DFA00FAF6F4 /* HomeDataSource.swift */; };
		F0DF0F6524A6820800FAF6F4 /* HomeInteractor.swift in Sources */ = {isa = PBXBuildFile; fileRef = F0DF0F6424A6820800FAF6F4 /* HomeInteractor.swift */; };
		F0F3A22E24A7BF1D00ED3B6E /* HolidayModel.swift in Sources */ = {isa = PBXBuildFile; fileRef = F0F3A22D24A7BF1D00ED3B6E /* HolidayModel.swift */; };
		F0F3A23024A7E18A00ED3B6E /* holidays.json in Resources */ = {isa = PBXBuildFile; fileRef = F0F3A22F24A7E18A00ED3B6E /* holidays.json */; };
		F0F7B16E249E41BF005178A1 /* AppDelegate.swift in Sources */ = {isa = PBXBuildFile; fileRef = F0F7B16D249E41BF005178A1 /* AppDelegate.swift */; };
		F0F7B170249E41BF005178A1 /* SceneDelegate.swift in Sources */ = {isa = PBXBuildFile; fileRef = F0F7B16F249E41BF005178A1 /* SceneDelegate.swift */; };
		F0F7B173249E41BF005178A1 /* MyCalendar.xcdatamodeld in Sources */ = {isa = PBXBuildFile; fileRef = F0F7B171249E41BF005178A1 /* MyCalendar.xcdatamodeld */; };
		F0F7B177249E41BF005178A1 /* Assets.xcassets in Resources */ = {isa = PBXBuildFile; fileRef = F0F7B176249E41BF005178A1 /* Assets.xcassets */; };
		F0F7B17A249E41BF005178A1 /* Preview Assets.xcassets in Resources */ = {isa = PBXBuildFile; fileRef = F0F7B179249E41BF005178A1 /* Preview Assets.xcassets */; };
		F0F7B17D249E41BF005178A1 /* LaunchScreen.storyboard in Resources */ = {isa = PBXBuildFile; fileRef = F0F7B17B249E41BF005178A1 /* LaunchScreen.storyboard */; };
		F0F7B188249E41C0005178A1 /* MyCalendarTests.swift in Sources */ = {isa = PBXBuildFile; fileRef = F0F7B187249E41C0005178A1 /* MyCalendarTests.swift */; };
		F0F7B193249E41C0005178A1 /* MyCalendarUITests.swift in Sources */ = {isa = PBXBuildFile; fileRef = F0F7B192249E41C0005178A1 /* MyCalendarUITests.swift */; };
		F0F7B1A9249E4779005178A1 /* BaseViewController.swift in Sources */ = {isa = PBXBuildFile; fileRef = F0F7B1A8249E4779005178A1 /* BaseViewController.swift */; };
		F0F7B1AC249E47B8005178A1 /* HomeViewController.swift in Sources */ = {isa = PBXBuildFile; fileRef = F0F7B1AA249E47B8005178A1 /* HomeViewController.swift */; };
		F0F7B1AD249E47B8005178A1 /* HomeViewController.xib in Resources */ = {isa = PBXBuildFile; fileRef = F0F7B1AB249E47B8005178A1 /* HomeViewController.xib */; };
		F0F7B1AF249E49EE005178A1 /* BaseRouter.swift in Sources */ = {isa = PBXBuildFile; fileRef = F0F7B1AE249E49EE005178A1 /* BaseRouter.swift */; };
		F0F7B1B1249E4B67005178A1 /* HomeRouter.swift in Sources */ = {isa = PBXBuildFile; fileRef = F0F7B1B0249E4B67005178A1 /* HomeRouter.swift */; };
		F0F7B1B3249E4C48005178A1 /* HomePresenter.swift in Sources */ = {isa = PBXBuildFile; fileRef = F0F7B1B2249E4C48005178A1 /* HomePresenter.swift */; };
		F0F7B1B5249E4C91005178A1 /* BasePresenter.swift in Sources */ = {isa = PBXBuildFile; fileRef = F0F7B1B4249E4C91005178A1 /* BasePresenter.swift */; };
		F0F7B1B7249E4F1F005178A1 /* MainRouter.swift in Sources */ = {isa = PBXBuildFile; fileRef = F0F7B1B6249E4F1F005178A1 /* MainRouter.swift */; };
/* End PBXBuildFile section */

/* Begin PBXContainerItemProxy section */
		F0F7B184249E41C0005178A1 /* PBXContainerItemProxy */ = {
			isa = PBXContainerItemProxy;
			containerPortal = F0F7B162249E41BF005178A1 /* Project object */;
			proxyType = 1;
			remoteGlobalIDString = F0F7B169249E41BF005178A1;
			remoteInfo = MyCalendar;
		};
		F0F7B18F249E41C0005178A1 /* PBXContainerItemProxy */ = {
			isa = PBXContainerItemProxy;
			containerPortal = F0F7B162249E41BF005178A1 /* Project object */;
			proxyType = 1;
			remoteGlobalIDString = F0F7B169249E41BF005178A1;
			remoteInfo = MyCalendar;
		};
/* End PBXContainerItemProxy section */

/* Begin PBXFileReference section */
		F0494BD0249FA770007FAD83 /* CalendarCollectionViewCell.swift */ = {isa = PBXFileReference; lastKnownFileType = sourcecode.swift; path = CalendarCollectionViewCell.swift; sourceTree = "<group>"; };
		F0494BD1249FA770007FAD83 /* CalendarCollectionViewCell.xib */ = {isa = PBXFileReference; lastKnownFileType = file.xib; path = CalendarCollectionViewCell.xib; sourceTree = "<group>"; };
		F0494BD4249FAFDC007FAD83 /* CalendarRouter.swift */ = {isa = PBXFileReference; lastKnownFileType = sourcecode.swift; path = CalendarRouter.swift; sourceTree = "<group>"; };
		F04D1439249FEC270089CDDE /* UIView+Style.swift */ = {isa = PBXFileReference; lastKnownFileType = sourcecode.swift; path = "UIView+Style.swift"; sourceTree = "<group>"; };
		F04D143B249FECF30089CDDE /* CALayer+Borders.swift */ = {isa = PBXFileReference; lastKnownFileType = sourcecode.swift; path = "CALayer+Borders.swift"; sourceTree = "<group>"; };
		F070060E249E54FF0062799C /* Colors.swift */ = {isa = PBXFileReference; lastKnownFileType = sourcecode.swift; path = Colors.swift; sourceTree = "<group>"; };
		F0700611249E579A0062799C /* Organico-DEMO.ttf */ = {isa = PBXFileReference; lastKnownFileType = file; path = "Organico-DEMO.ttf"; sourceTree = "<group>"; };
		F0700613249E58190062799C /* Fonts.swift */ = {isa = PBXFileReference; lastKnownFileType = sourcecode.swift; path = Fonts.swift; sourceTree = "<group>"; };
		F0700615249E5ABD0062799C /* Aller_Rg.ttf */ = {isa = PBXFileReference; lastKnownFileType = file; path = Aller_Rg.ttf; sourceTree = "<group>"; };
		F0700616249E5ABE0062799C /* AllerDisplay.ttf */ = {isa = PBXFileReference; lastKnownFileType = file; path = AllerDisplay.ttf; sourceTree = "<group>"; };
		F0700617249E5ABE0062799C /* Aller_It.ttf */ = {isa = PBXFileReference; lastKnownFileType = file; path = Aller_It.ttf; sourceTree = "<group>"; };
		F0700618249E5ABE0062799C /* Aller_Lt.ttf */ = {isa = PBXFileReference; lastKnownFileType = file; path = Aller_Lt.ttf; sourceTree = "<group>"; };
		F0700619249E5ABE0062799C /* Aller_BdIt.ttf */ = {isa = PBXFileReference; lastKnownFileType = file; path = Aller_BdIt.ttf; sourceTree = "<group>"; };
		F070061A249E5ABE0062799C /* Aller_LtIt.ttf */ = {isa = PBXFileReference; lastKnownFileType = file; path = Aller_LtIt.ttf; sourceTree = "<group>"; };
		F070061B249E5ABE0062799C /* Aller_Bd.ttf */ = {isa = PBXFileReference; lastKnownFileType = file; path = Aller_Bd.ttf; sourceTree = "<group>"; };
		F0700623249E754F0062799C /* DateFormatter+Date.swift */ = {isa = PBXFileReference; lastKnownFileType = sourcecode.swift; path = "DateFormatter+Date.swift"; sourceTree = "<group>"; };
		F0700625249E84060062799C /* HomePresenterDelegate.swift */ = {isa = PBXFileReference; lastKnownFileType = sourcecode.swift; path = HomePresenterDelegate.swift; sourceTree = "<group>"; };
		F0700629249FA48F0062799C /* CalendarViewController.swift */ = {isa = PBXFileReference; lastKnownFileType = sourcecode.swift; path = CalendarViewController.swift; sourceTree = "<group>"; };
		F070062A249FA48F0062799C /* CalendarViewController.xib */ = {isa = PBXFileReference; lastKnownFileType = file.xib; path = CalendarViewController.xib; sourceTree = "<group>"; };
		F0700630249FA4D40062799C /* CalendarPresenter.swift */ = {isa = PBXFileReference; lastKnownFileType = sourcecode.swift; path = CalendarPresenter.swift; sourceTree = "<group>"; };
		F0DF0F4324A2900D00FAF6F4 /* CalendarSelectedButton.swift */ = {isa = PBXFileReference; lastKnownFileType = sourcecode.swift; path = CalendarSelectedButton.swift; sourceTree = "<group>"; };
		F0DF0F4624A65CA100FAF6F4 /* HomeTableViewCell.swift */ = {isa = PBXFileReference; lastKnownFileType = sourcecode.swift; path = HomeTableViewCell.swift; sourceTree = "<group>"; };
		F0DF0F4724A65CA100FAF6F4 /* HomeTableViewCell.xib */ = {isa = PBXFileReference; lastKnownFileType = file.xib; path = HomeTableViewCell.xib; sourceTree = "<group>"; };
		F0DF0F5324A6723F00FAF6F4 /* StructCodable.swift */ = {isa = PBXFileReference; lastKnownFileType = sourcecode.swift; path = StructCodable.swift; sourceTree = "<group>"; };
		F0DF0F5524A6732E00FAF6F4 /* EventModel.swift */ = {isa = PBXFileReference; lastKnownFileType = sourcecode.swift; path = EventModel.swift; sourceTree = "<group>"; };
		F0DF0F5724A676A500FAF6F4 /* events.json */ = {isa = PBXFileReference; fileEncoding = 4; lastKnownFileType = text.json; path = events.json; sourceTree = "<group>"; };
		F0DF0F5924A676EC00FAF6F4 /* BaseDataSource.swift */ = {isa = PBXFileReference; lastKnownFileType = sourcecode.swift; path = BaseDataSource.swift; sourceTree = "<group>"; };
		F0DF0F6024A67B6A00FAF6F4 /* ErrorModel.swift */ = {isa = PBXFileReference; lastKnownFileType = sourcecode.swift; path = ErrorModel.swift; sourceTree = "<group>"; };
		F0DF0F6224A67DFA00FAF6F4 /* HomeDataSource.swift */ = {isa = PBXFileReference; lastKnownFileType = sourcecode.swift; path = HomeDataSource.swift; sourceTree = "<group>"; };
		F0DF0F6424A6820800FAF6F4 /* HomeInteractor.swift */ = {isa = PBXFileReference; lastKnownFileType = sourcecode.swift; path = HomeInteractor.swift; sourceTree = "<group>"; };
		F0F3A22D24A7BF1D00ED3B6E /* HolidayModel.swift */ = {isa = PBXFileReference; lastKnownFileType = sourcecode.swift; path = HolidayModel.swift; sourceTree = "<group>"; };
		F0F3A22F24A7E18A00ED3B6E /* holidays.json */ = {isa = PBXFileReference; fileEncoding = 4; lastKnownFileType = text.json; path = holidays.json; sourceTree = "<group>"; };
		F0F7B16A249E41BF005178A1 /* MyCalendar.app */ = {isa = PBXFileReference; explicitFileType = wrapper.application; includeInIndex = 0; path = MyCalendar.app; sourceTree = BUILT_PRODUCTS_DIR; };
		F0F7B16D249E41BF005178A1 /* AppDelegate.swift */ = {isa = PBXFileReference; lastKnownFileType = sourcecode.swift; path = AppDelegate.swift; sourceTree = "<group>"; };
		F0F7B16F249E41BF005178A1 /* SceneDelegate.swift */ = {isa = PBXFileReference; lastKnownFileType = sourcecode.swift; path = SceneDelegate.swift; sourceTree = "<group>"; };
		F0F7B172249E41BF005178A1 /* MyCalendar.xcdatamodel */ = {isa = PBXFileReference; lastKnownFileType = wrapper.xcdatamodel; path = MyCalendar.xcdatamodel; sourceTree = "<group>"; };
		F0F7B176249E41BF005178A1 /* Assets.xcassets */ = {isa = PBXFileReference; lastKnownFileType = folder.assetcatalog; path = Assets.xcassets; sourceTree = "<group>"; };
		F0F7B179249E41BF005178A1 /* Preview Assets.xcassets */ = {isa = PBXFileReference; lastKnownFileType = folder.assetcatalog; path = "Preview Assets.xcassets"; sourceTree = "<group>"; };
		F0F7B17C249E41BF005178A1 /* Base */ = {isa = PBXFileReference; lastKnownFileType = file.storyboard; name = Base; path = Base.lproj/LaunchScreen.storyboard; sourceTree = "<group>"; };
		F0F7B17E249E41BF005178A1 /* Info.plist */ = {isa = PBXFileReference; lastKnownFileType = text.plist.xml; path = Info.plist; sourceTree = "<group>"; };
		F0F7B183249E41C0005178A1 /* MyCalendarTests.xctest */ = {isa = PBXFileReference; explicitFileType = wrapper.cfbundle; includeInIndex = 0; path = MyCalendarTests.xctest; sourceTree = BUILT_PRODUCTS_DIR; };
		F0F7B187249E41C0005178A1 /* MyCalendarTests.swift */ = {isa = PBXFileReference; lastKnownFileType = sourcecode.swift; path = MyCalendarTests.swift; sourceTree = "<group>"; };
		F0F7B189249E41C0005178A1 /* Info.plist */ = {isa = PBXFileReference; lastKnownFileType = text.plist.xml; path = Info.plist; sourceTree = "<group>"; };
		F0F7B18E249E41C0005178A1 /* MyCalendarUITests.xctest */ = {isa = PBXFileReference; explicitFileType = wrapper.cfbundle; includeInIndex = 0; path = MyCalendarUITests.xctest; sourceTree = BUILT_PRODUCTS_DIR; };
		F0F7B192249E41C0005178A1 /* MyCalendarUITests.swift */ = {isa = PBXFileReference; lastKnownFileType = sourcecode.swift; path = MyCalendarUITests.swift; sourceTree = "<group>"; };
		F0F7B194249E41C0005178A1 /* Info.plist */ = {isa = PBXFileReference; lastKnownFileType = text.plist.xml; path = Info.plist; sourceTree = "<group>"; };
		F0F7B1A8249E4779005178A1 /* BaseViewController.swift */ = {isa = PBXFileReference; lastKnownFileType = sourcecode.swift; path = BaseViewController.swift; sourceTree = "<group>"; };
		F0F7B1AA249E47B8005178A1 /* HomeViewController.swift */ = {isa = PBXFileReference; lastKnownFileType = sourcecode.swift; path = HomeViewController.swift; sourceTree = "<group>"; };
		F0F7B1AB249E47B8005178A1 /* HomeViewController.xib */ = {isa = PBXFileReference; lastKnownFileType = file.xib; path = HomeViewController.xib; sourceTree = "<group>"; };
		F0F7B1AE249E49EE005178A1 /* BaseRouter.swift */ = {isa = PBXFileReference; lastKnownFileType = sourcecode.swift; path = BaseRouter.swift; sourceTree = "<group>"; };
		F0F7B1B0249E4B67005178A1 /* HomeRouter.swift */ = {isa = PBXFileReference; lastKnownFileType = sourcecode.swift; path = HomeRouter.swift; sourceTree = "<group>"; };
		F0F7B1B2249E4C48005178A1 /* HomePresenter.swift */ = {isa = PBXFileReference; lastKnownFileType = sourcecode.swift; path = HomePresenter.swift; sourceTree = "<group>"; };
		F0F7B1B4249E4C91005178A1 /* BasePresenter.swift */ = {isa = PBXFileReference; lastKnownFileType = sourcecode.swift; path = BasePresenter.swift; sourceTree = "<group>"; };
		F0F7B1B6249E4F1F005178A1 /* MainRouter.swift */ = {isa = PBXFileReference; lastKnownFileType = sourcecode.swift; path = MainRouter.swift; sourceTree = "<group>"; };
/* End PBXFileReference section */

/* Begin PBXFrameworksBuildPhase section */
		F0F7B167249E41BF005178A1 /* Frameworks */ = {
			isa = PBXFrameworksBuildPhase;
			buildActionMask = 2147483647;
			files = (
			);
			runOnlyForDeploymentPostprocessing = 0;
		};
		F0F7B180249E41C0005178A1 /* Frameworks */ = {
			isa = PBXFrameworksBuildPhase;
			buildActionMask = 2147483647;
			files = (
			);
			runOnlyForDeploymentPostprocessing = 0;
		};
		F0F7B18B249E41C0005178A1 /* Frameworks */ = {
			isa = PBXFrameworksBuildPhase;
			buildActionMask = 2147483647;
			files = (
			);
			runOnlyForDeploymentPostprocessing = 0;
		};
/* End PBXFrameworksBuildPhase section */

/* Begin PBXGroup section */
		F0494BCF249FA745007FAD83 /* cell */ = {
			isa = PBXGroup;
			children = (
				F0494BD0249FA770007FAD83 /* CalendarCollectionViewCell.swift */,
				F0494BD1249FA770007FAD83 /* CalendarCollectionViewCell.xib */,
			);
			path = cell;
			sourceTree = "<group>";
		};
		F070060D249E54EF0062799C /* ui */ = {
			isa = PBXGroup;
			children = (
				F070060E249E54FF0062799C /* Colors.swift */,
				F0700613249E58190062799C /* Fonts.swift */,
			);
			path = ui;
			sourceTree = "<group>";
		};
		F0700610249E57740062799C /* fonts */ = {
			isa = PBXGroup;
			children = (
				F070061B249E5ABE0062799C /* Aller_Bd.ttf */,
				F0700619249E5ABE0062799C /* Aller_BdIt.ttf */,
				F0700617249E5ABE0062799C /* Aller_It.ttf */,
				F0700618249E5ABE0062799C /* Aller_Lt.ttf */,
				F070061A249E5ABE0062799C /* Aller_LtIt.ttf */,
				F0700615249E5ABD0062799C /* Aller_Rg.ttf */,
				F0700616249E5ABE0062799C /* AllerDisplay.ttf */,
				F0700611249E579A0062799C /* Organico-DEMO.ttf */,
			);
			path = fonts;
			sourceTree = "<group>";
		};
		F0700627249FA43C0062799C /* modules */ = {
			isa = PBXGroup;
			children = (
				F0700628249FA4590062799C /* calendar */,
				F0DF0F4324A2900D00FAF6F4 /* CalendarSelectedButton.swift */,
			);
			path = modules;
			sourceTree = "<group>";
		};
		F0700628249FA4590062799C /* calendar */ = {
			isa = PBXGroup;
			children = (
				F070062F249FA4AB0062799C /* presenter */,
				F070062E249FA4A30062799C /* router */,
				F070062D249FA4960062799C /* view */,
			);
			path = calendar;
			sourceTree = "<group>";
		};
		F070062D249FA4960062799C /* view */ = {
			isa = PBXGroup;
			children = (
				F0494BCF249FA745007FAD83 /* cell */,
				F0700629249FA48F0062799C /* CalendarViewController.swift */,
				F070062A249FA48F0062799C /* CalendarViewController.xib */,
			);
			path = view;
			sourceTree = "<group>";
		};
		F070062E249FA4A30062799C /* router */ = {
			isa = PBXGroup;
			children = (
				F0494BD4249FAFDC007FAD83 /* CalendarRouter.swift */,
			);
			path = router;
			sourceTree = "<group>";
		};
		F070062F249FA4AB0062799C /* presenter */ = {
			isa = PBXGroup;
			children = (
				F0700630249FA4D40062799C /* CalendarPresenter.swift */,
			);
			path = presenter;
			sourceTree = "<group>";
		};
		F0DF0F4524A65C6400FAF6F4 /* cell */ = {
			isa = PBXGroup;
			children = (
				F0DF0F4624A65CA100FAF6F4 /* HomeTableViewCell.swift */,
				F0DF0F4724A65CA100FAF6F4 /* HomeTableViewCell.xib */,
			);
			path = cell;
			sourceTree = "<group>";
		};
		F0DF0F4D24A6653600FAF6F4 /* model */ = {
			isa = PBXGroup;
			children = (
				F0DF0F5F24A67B5800FAF6F4 /* common */,
				F0DF0F4E24A6653F00FAF6F4 /* home */,
			);
			path = model;
			sourceTree = "<group>";
		};
		F0DF0F4E24A6653F00FAF6F4 /* home */ = {
			isa = PBXGroup;
			children = (
			);
			path = home;
			sourceTree = "<group>";
		};
		F0DF0F5124A66D3100FAF6F4 /* jsonDEMO */ = {
			isa = PBXGroup;
			children = (
				F0F3A22F24A7E18A00ED3B6E /* holidays.json */,
				F0DF0F5724A676A500FAF6F4 /* events.json */,
			);
			path = jsonDEMO;
			sourceTree = "<group>";
		};
		F0DF0F5224A6720500FAF6F4 /* common */ = {
			isa = PBXGroup;
			children = (
				F0DF0F5324A6723F00FAF6F4 /* StructCodable.swift */,
			);
			path = common;
			sourceTree = "<group>";
		};
		F0DF0F5B24A6779500FAF6F4 /* domain */ = {
			isa = PBXGroup;
			children = (
				F0DF0F5C24A677A900FAF6F4 /* home */,
			);
			path = domain;
			sourceTree = "<group>";
		};
		F0DF0F5C24A677A900FAF6F4 /* home */ = {
			isa = PBXGroup;
			children = (
				F0DF0F5E24A677C400FAF6F4 /* interactor */,
				F0DF0F5D24A677B600FAF6F4 /* datasource */,
			);
			path = home;
			sourceTree = "<group>";
		};
		F0DF0F5D24A677B600FAF6F4 /* datasource */ = {
			isa = PBXGroup;
			children = (
				F0DF0F6224A67DFA00FAF6F4 /* HomeDataSource.swift */,
			);
			path = datasource;
			sourceTree = "<group>";
		};
		F0DF0F5E24A677C400FAF6F4 /* interactor */ = {
			isa = PBXGroup;
			children = (
				F0DF0F6424A6820800FAF6F4 /* HomeInteractor.swift */,
			);
			path = interactor;
			sourceTree = "<group>";
		};
		F0DF0F5F24A67B5800FAF6F4 /* common */ = {
			isa = PBXGroup;
			children = (
				F0DF0F5524A6732E00FAF6F4 /* EventModel.swift */,
				F0DF0F6024A67B6A00FAF6F4 /* ErrorModel.swift */,
				F0F3A22D24A7BF1D00ED3B6E /* HolidayModel.swift */,
			);
			path = common;
			sourceTree = "<group>";
		};
		F0F7B161249E41BF005178A1 = {
			isa = PBXGroup;
			children = (
				F0F7B16C249E41BF005178A1 /* MyCalendar */,
				F0F7B186249E41C0005178A1 /* MyCalendarTests */,
				F0F7B191249E41C0005178A1 /* MyCalendarUITests */,
				F0F7B16B249E41BF005178A1 /* Products */,
			);
			sourceTree = "<group>";
		};
		F0F7B16B249E41BF005178A1 /* Products */ = {
			isa = PBXGroup;
			children = (
				F0F7B16A249E41BF005178A1 /* MyCalendar.app */,
				F0F7B183249E41C0005178A1 /* MyCalendarTests.xctest */,
				F0F7B18E249E41C0005178A1 /* MyCalendarUITests.xctest */,
			);
			name = Products;
			sourceTree = "<group>";
		};
		F0F7B16C249E41BF005178A1 /* MyCalendar */ = {
			isa = PBXGroup;
			children = (
				F0F7B1A5249E4749005178A1 /* core */,
				F0DF0F4D24A6653600FAF6F4 /* model */,
				F0F7B1A0249E46C3005178A1 /* presentation */,
				F0DF0F5B24A6779500FAF6F4 /* domain */,
				F0DF0F5124A66D3100FAF6F4 /* jsonDEMO */,
				F0F7B16D249E41BF005178A1 /* AppDelegate.swift */,
				F0F7B16F249E41BF005178A1 /* SceneDelegate.swift */,
				F0F7B176249E41BF005178A1 /* Assets.xcassets */,
				F0F7B17B249E41BF005178A1 /* LaunchScreen.storyboard */,
				F0F7B17E249E41BF005178A1 /* Info.plist */,
				F0F7B171249E41BF005178A1 /* MyCalendar.xcdatamodeld */,
				F0F7B178249E41BF005178A1 /* Preview Content */,
			);
			path = MyCalendar;
			sourceTree = "<group>";
		};
		F0F7B178249E41BF005178A1 /* Preview Content */ = {
			isa = PBXGroup;
			children = (
				F0F7B179249E41BF005178A1 /* Preview Assets.xcassets */,
			);
			path = "Preview Content";
			sourceTree = "<group>";
		};
		F0F7B186249E41C0005178A1 /* MyCalendarTests */ = {
			isa = PBXGroup;
			children = (
				F0F7B187249E41C0005178A1 /* MyCalendarTests.swift */,
				F0F7B189249E41C0005178A1 /* Info.plist */,
			);
			path = MyCalendarTests;
			sourceTree = "<group>";
		};
		F0F7B191249E41C0005178A1 /* MyCalendarUITests */ = {
			isa = PBXGroup;
			children = (
				F0F7B192249E41C0005178A1 /* MyCalendarUITests.swift */,
				F0F7B194249E41C0005178A1 /* Info.plist */,
			);
			path = MyCalendarUITests;
			sourceTree = "<group>";
		};
		F0F7B1A0249E46C3005178A1 /* presentation */ = {
			isa = PBXGroup;
			children = (
				F0700627249FA43C0062799C /* modules */,
				F0F7B1A1249E46D9005178A1 /* home */,
			);
			path = presentation;
			sourceTree = "<group>";
		};
		F0F7B1A1249E46D9005178A1 /* home */ = {
			isa = PBXGroup;
			children = (
				F0F7B1A4249E46EF005178A1 /* presenter */,
				F0F7B1A3249E46E8005178A1 /* router */,
				F0F7B1A2249E46E1005178A1 /* view */,
			);
			path = home;
			sourceTree = "<group>";
		};
		F0F7B1A2249E46E1005178A1 /* view */ = {
			isa = PBXGroup;
			children = (
				F0DF0F4524A65C6400FAF6F4 /* cell */,
				F0F7B1AA249E47B8005178A1 /* HomeViewController.swift */,
				F0F7B1AB249E47B8005178A1 /* HomeViewController.xib */,
			);
			path = view;
			sourceTree = "<group>";
		};
		F0F7B1A3249E46E8005178A1 /* router */ = {
			isa = PBXGroup;
			children = (
				F0F7B1B0249E4B67005178A1 /* HomeRouter.swift */,
			);
			path = router;
			sourceTree = "<group>";
		};
		F0F7B1A4249E46EF005178A1 /* presenter */ = {
			isa = PBXGroup;
			children = (
				F0700625249E84060062799C /* HomePresenterDelegate.swift */,
				F0F7B1B2249E4C48005178A1 /* HomePresenter.swift */,
			);
			path = presenter;
			sourceTree = "<group>";
		};
		F0F7B1A5249E4749005178A1 /* core */ = {
			isa = PBXGroup;
			children = (
				F0DF0F5224A6720500FAF6F4 /* common */,
				F0700610249E57740062799C /* fonts */,
				F070060D249E54EF0062799C /* ui */,
				F0F7B1A7249E475C005178A1 /* bases */,
				F0F7B1A6249E4751005178A1 /* extensions */,
			);
			path = core;
			sourceTree = "<group>";
		};
		F0F7B1A6249E4751005178A1 /* extensions */ = {
			isa = PBXGroup;
			children = (
				F0700623249E754F0062799C /* DateFormatter+Date.swift */,
				F04D1439249FEC270089CDDE /* UIView+Style.swift */,
				F04D143B249FECF30089CDDE /* CALayer+Borders.swift */,
			);
			path = extensions;
			sourceTree = "<group>";
		};
		F0F7B1A7249E475C005178A1 /* bases */ = {
			isa = PBXGroup;
			children = (
				F0F7B1A8249E4779005178A1 /* BaseViewController.swift */,
				F0F7B1AE249E49EE005178A1 /* BaseRouter.swift */,
				F0F7B1B4249E4C91005178A1 /* BasePresenter.swift */,
				F0F7B1B6249E4F1F005178A1 /* MainRouter.swift */,
				F0DF0F5924A676EC00FAF6F4 /* BaseDataSource.swift */,
			);
			path = bases;
			sourceTree = "<group>";
		};
/* End PBXGroup section */

/* Begin PBXNativeTarget section */
		F0F7B169249E41BF005178A1 /* MyCalendar */ = {
			isa = PBXNativeTarget;
			buildConfigurationList = F0F7B197249E41C0005178A1 /* Build configuration list for PBXNativeTarget "MyCalendar" */;
			buildPhases = (
				F0F7B166249E41BF005178A1 /* Sources */,
				F0F7B167249E41BF005178A1 /* Frameworks */,
				F0F7B168249E41BF005178A1 /* Resources */,
			);
			buildRules = (
			);
			dependencies = (
			);
			name = MyCalendar;
			productName = MyCalendar;
			productReference = F0F7B16A249E41BF005178A1 /* MyCalendar.app */;
			productType = "com.apple.product-type.application";
		};
		F0F7B182249E41C0005178A1 /* MyCalendarTests */ = {
			isa = PBXNativeTarget;
			buildConfigurationList = F0F7B19A249E41C0005178A1 /* Build configuration list for PBXNativeTarget "MyCalendarTests" */;
			buildPhases = (
				F0F7B17F249E41C0005178A1 /* Sources */,
				F0F7B180249E41C0005178A1 /* Frameworks */,
				F0F7B181249E41C0005178A1 /* Resources */,
			);
			buildRules = (
			);
			dependencies = (
				F0F7B185249E41C0005178A1 /* PBXTargetDependency */,
			);
			name = MyCalendarTests;
			productName = MyCalendarTests;
			productReference = F0F7B183249E41C0005178A1 /* MyCalendarTests.xctest */;
			productType = "com.apple.product-type.bundle.unit-test";
		};
		F0F7B18D249E41C0005178A1 /* MyCalendarUITests */ = {
			isa = PBXNativeTarget;
			buildConfigurationList = F0F7B19D249E41C0005178A1 /* Build configuration list for PBXNativeTarget "MyCalendarUITests" */;
			buildPhases = (
				F0F7B18A249E41C0005178A1 /* Sources */,
				F0F7B18B249E41C0005178A1 /* Frameworks */,
				F0F7B18C249E41C0005178A1 /* Resources */,
			);
			buildRules = (
			);
			dependencies = (
				F0F7B190249E41C0005178A1 /* PBXTargetDependency */,
			);
			name = MyCalendarUITests;
			productName = MyCalendarUITests;
			productReference = F0F7B18E249E41C0005178A1 /* MyCalendarUITests.xctest */;
			productType = "com.apple.product-type.bundle.ui-testing";
		};
/* End PBXNativeTarget section */

/* Begin PBXProject section */
		F0F7B162249E41BF005178A1 /* Project object */ = {
			isa = PBXProject;
			attributes = {
				LastSwiftUpdateCheck = 1150;
				LastUpgradeCheck = 1150;
				ORGANIZATIONNAME = "Leticia Echarri";
				TargetAttributes = {
					F0F7B169249E41BF005178A1 = {
						CreatedOnToolsVersion = 11.5;
					};
					F0F7B182249E41C0005178A1 = {
						CreatedOnToolsVersion = 11.5;
						TestTargetID = F0F7B169249E41BF005178A1;
					};
					F0F7B18D249E41C0005178A1 = {
						CreatedOnToolsVersion = 11.5;
						TestTargetID = F0F7B169249E41BF005178A1;
					};
				};
			};
			buildConfigurationList = F0F7B165249E41BF005178A1 /* Build configuration list for PBXProject "MyCalendar" */;
			compatibilityVersion = "Xcode 9.3";
			developmentRegion = en;
			hasScannedForEncodings = 0;
			knownRegions = (
				en,
				Base,
			);
			mainGroup = F0F7B161249E41BF005178A1;
			productRefGroup = F0F7B16B249E41BF005178A1 /* Products */;
			projectDirPath = "";
			projectRoot = "";
			targets = (
				F0F7B169249E41BF005178A1 /* MyCalendar */,
				F0F7B182249E41C0005178A1 /* MyCalendarTests */,
				F0F7B18D249E41C0005178A1 /* MyCalendarUITests */,
			);
		};
/* End PBXProject section */

/* Begin PBXResourcesBuildPhase section */
		F0F7B168249E41BF005178A1 /* Resources */ = {
			isa = PBXResourcesBuildPhase;
			buildActionMask = 2147483647;
			files = (
				F070061D249E5ABE0062799C /* AllerDisplay.ttf in Resources */,
				F0700622249E5ABE0062799C /* Aller_Bd.ttf in Resources */,
				F0700621249E5ABE0062799C /* Aller_LtIt.ttf in Resources */,
				F070061F249E5ABE0062799C /* Aller_Lt.ttf in Resources */,
				F0494BD3249FA770007FAD83 /* CalendarCollectionViewCell.xib in Resources */,
				F070062C249FA48F0062799C /* CalendarViewController.xib in Resources */,
				F0F3A23024A7E18A00ED3B6E /* holidays.json in Resources */,
				F0F7B17D249E41BF005178A1 /* LaunchScreen.storyboard in Resources */,
				F0F7B17A249E41BF005178A1 /* Preview Assets.xcassets in Resources */,
				F0DF0F5824A676A500FAF6F4 /* events.json in Resources */,
				F0700612249E579A0062799C /* Organico-DEMO.ttf in Resources */,
				F070061E249E5ABE0062799C /* Aller_It.ttf in Resources */,
				F0F7B177249E41BF005178A1 /* Assets.xcassets in Resources */,
				F070061C249E5ABE0062799C /* Aller_Rg.ttf in Resources */,
				F0700620249E5ABE0062799C /* Aller_BdIt.ttf in Resources */,
				F0DF0F4924A65CA100FAF6F4 /* HomeTableViewCell.xib in Resources */,
				F0F7B1AD249E47B8005178A1 /* HomeViewController.xib in Resources */,
			);
			runOnlyForDeploymentPostprocessing = 0;
		};
		F0F7B181249E41C0005178A1 /* Resources */ = {
			isa = PBXResourcesBuildPhase;
			buildActionMask = 2147483647;
			files = (
			);
			runOnlyForDeploymentPostprocessing = 0;
		};
		F0F7B18C249E41C0005178A1 /* Resources */ = {
			isa = PBXResourcesBuildPhase;
			buildActionMask = 2147483647;
			files = (
			);
			runOnlyForDeploymentPostprocessing = 0;
		};
/* End PBXResourcesBuildPhase section */

/* Begin PBXSourcesBuildPhase section */
		F0F7B166249E41BF005178A1 /* Sources */ = {
			isa = PBXSourcesBuildPhase;
			buildActionMask = 2147483647;
			files = (
				F070062B249FA48F0062799C /* CalendarViewController.swift in Sources */,
				F0F7B1B1249E4B67005178A1 /* HomeRouter.swift in Sources */,
				F070060F249E54FF0062799C /* Colors.swift in Sources */,
				F0F7B1B5249E4C91005178A1 /* BasePresenter.swift in Sources */,
				F0700631249FA4D40062799C /* CalendarPresenter.swift in Sources */,
				F0494BD2249FA770007FAD83 /* CalendarCollectionViewCell.swift in Sources */,
				F0DF0F6124A67B6A00FAF6F4 /* ErrorModel.swift in Sources */,
				F0F7B1A9249E4779005178A1 /* BaseViewController.swift in Sources */,
				F0700614249E58190062799C /* Fonts.swift in Sources */,
				F0F7B16E249E41BF005178A1 /* AppDelegate.swift in Sources */,
				F0F7B1AF249E49EE005178A1 /* BaseRouter.swift in Sources */,
				F0F7B170249E41BF005178A1 /* SceneDelegate.swift in Sources */,
				F0F7B1B3249E4C48005178A1 /* HomePresenter.swift in Sources */,
				F0494BD5249FAFDC007FAD83 /* CalendarRouter.swift in Sources */,
				F0DF0F5424A6723F00FAF6F4 /* StructCodable.swift in Sources */,
				F04D143C249FECF30089CDDE /* CALayer+Borders.swift in Sources */,
				F0F7B173249E41BF005178A1 /* MyCalendar.xcdatamodeld in Sources */,
				F0700626249E84060062799C /* HomePresenterDelegate.swift in Sources */,
				F0DF0F4824A65CA100FAF6F4 /* HomeTableViewCell.swift in Sources */,
				F0700624249E754F0062799C /* DateFormatter+Date.swift in Sources */,
				F0F7B1B7249E4F1F005178A1 /* MainRouter.swift in Sources */,
				F0DF0F5A24A676EC00FAF6F4 /* BaseDataSource.swift in Sources */,
				F0DF0F6324A67DFA00FAF6F4 /* HomeDataSource.swift in Sources */,
				F0DF0F4424A2900D00FAF6F4 /* CalendarSelectedButton.swift in Sources */,
				F04D143A249FEC270089CDDE /* UIView+Style.swift in Sources */,
				F0F3A22E24A7BF1D00ED3B6E /* HolidayModel.swift in Sources */,
				F0DF0F5624A6732E00FAF6F4 /* EventModel.swift in Sources */,
				F0F7B1AC249E47B8005178A1 /* HomeViewController.swift in Sources */,
				F0DF0F6524A6820800FAF6F4 /* HomeInteractor.swift in Sources */,
			);
			runOnlyForDeploymentPostprocessing = 0;
		};
		F0F7B17F249E41C0005178A1 /* Sources */ = {
			isa = PBXSourcesBuildPhase;
			buildActionMask = 2147483647;
			files = (
				F0F7B188249E41C0005178A1 /* MyCalendarTests.swift in Sources */,
			);
			runOnlyForDeploymentPostprocessing = 0;
		};
		F0F7B18A249E41C0005178A1 /* Sources */ = {
			isa = PBXSourcesBuildPhase;
			buildActionMask = 2147483647;
			files = (
				F0F7B193249E41C0005178A1 /* MyCalendarUITests.swift in Sources */,
			);
			runOnlyForDeploymentPostprocessing = 0;
		};
/* End PBXSourcesBuildPhase section */

/* Begin PBXTargetDependency section */
		F0F7B185249E41C0005178A1 /* PBXTargetDependency */ = {
			isa = PBXTargetDependency;
			target = F0F7B169249E41BF005178A1 /* MyCalendar */;
			targetProxy = F0F7B184249E41C0005178A1 /* PBXContainerItemProxy */;
		};
		F0F7B190249E41C0005178A1 /* PBXTargetDependency */ = {
			isa = PBXTargetDependency;
			target = F0F7B169249E41BF005178A1 /* MyCalendar */;
			targetProxy = F0F7B18F249E41C0005178A1 /* PBXContainerItemProxy */;
		};
/* End PBXTargetDependency section */

/* Begin PBXVariantGroup section */
		F0F7B17B249E41BF005178A1 /* LaunchScreen.storyboard */ = {
			isa = PBXVariantGroup;
			children = (
				F0F7B17C249E41BF005178A1 /* Base */,
			);
			name = LaunchScreen.storyboard;
			sourceTree = "<group>";
		};
/* End PBXVariantGroup section */

/* Begin XCBuildConfiguration section */
		F0F7B195249E41C0005178A1 /* Debug */ = {
			isa = XCBuildConfiguration;
			buildSettings = {
				ALWAYS_SEARCH_USER_PATHS = NO;
				CLANG_ANALYZER_NONNULL = YES;
				CLANG_ANALYZER_NUMBER_OBJECT_CONVERSION = YES_AGGRESSIVE;
				CLANG_CXX_LANGUAGE_STANDARD = "gnu++14";
				CLANG_CXX_LIBRARY = "libc++";
				CLANG_ENABLE_MODULES = YES;
				CLANG_ENABLE_OBJC_ARC = YES;
				CLANG_ENABLE_OBJC_WEAK = YES;
				CLANG_WARN_BLOCK_CAPTURE_AUTORELEASING = YES;
				CLANG_WARN_BOOL_CONVERSION = YES;
				CLANG_WARN_COMMA = YES;
				CLANG_WARN_CONSTANT_CONVERSION = YES;
				CLANG_WARN_DEPRECATED_OBJC_IMPLEMENTATIONS = YES;
				CLANG_WARN_DIRECT_OBJC_ISA_USAGE = YES_ERROR;
				CLANG_WARN_DOCUMENTATION_COMMENTS = YES;
				CLANG_WARN_EMPTY_BODY = YES;
				CLANG_WARN_ENUM_CONVERSION = YES;
				CLANG_WARN_INFINITE_RECURSION = YES;
				CLANG_WARN_INT_CONVERSION = YES;
				CLANG_WARN_NON_LITERAL_NULL_CONVERSION = YES;
				CLANG_WARN_OBJC_IMPLICIT_RETAIN_SELF = YES;
				CLANG_WARN_OBJC_LITERAL_CONVERSION = YES;
				CLANG_WARN_OBJC_ROOT_CLASS = YES_ERROR;
				CLANG_WARN_RANGE_LOOP_ANALYSIS = YES;
				CLANG_WARN_STRICT_PROTOTYPES = YES;
				CLANG_WARN_SUSPICIOUS_MOVE = YES;
				CLANG_WARN_UNGUARDED_AVAILABILITY = YES_AGGRESSIVE;
				CLANG_WARN_UNREACHABLE_CODE = YES;
				CLANG_WARN__DUPLICATE_METHOD_MATCH = YES;
				COPY_PHASE_STRIP = NO;
				DEBUG_INFORMATION_FORMAT = dwarf;
				ENABLE_STRICT_OBJC_MSGSEND = YES;
				ENABLE_TESTABILITY = YES;
				GCC_C_LANGUAGE_STANDARD = gnu11;
				GCC_DYNAMIC_NO_PIC = NO;
				GCC_NO_COMMON_BLOCKS = YES;
				GCC_OPTIMIZATION_LEVEL = 0;
				GCC_PREPROCESSOR_DEFINITIONS = (
					"DEBUG=1",
					"$(inherited)",
				);
				GCC_WARN_64_TO_32_BIT_CONVERSION = YES;
				GCC_WARN_ABOUT_RETURN_TYPE = YES_ERROR;
				GCC_WARN_UNDECLARED_SELECTOR = YES;
				GCC_WARN_UNINITIALIZED_AUTOS = YES_AGGRESSIVE;
				GCC_WARN_UNUSED_FUNCTION = YES;
				GCC_WARN_UNUSED_VARIABLE = YES;
				IPHONEOS_DEPLOYMENT_TARGET = 13.5;
				MTL_ENABLE_DEBUG_INFO = INCLUDE_SOURCE;
				MTL_FAST_MATH = YES;
				ONLY_ACTIVE_ARCH = YES;
				SDKROOT = iphoneos;
				SWIFT_ACTIVE_COMPILATION_CONDITIONS = DEBUG;
				SWIFT_OPTIMIZATION_LEVEL = "-Onone";
			};
			name = Debug;
		};
		F0F7B196249E41C0005178A1 /* Release */ = {
			isa = XCBuildConfiguration;
			buildSettings = {
				ALWAYS_SEARCH_USER_PATHS = NO;
				CLANG_ANALYZER_NONNULL = YES;
				CLANG_ANALYZER_NUMBER_OBJECT_CONVERSION = YES_AGGRESSIVE;
				CLANG_CXX_LANGUAGE_STANDARD = "gnu++14";
				CLANG_CXX_LIBRARY = "libc++";
				CLANG_ENABLE_MODULES = YES;
				CLANG_ENABLE_OBJC_ARC = YES;
				CLANG_ENABLE_OBJC_WEAK = YES;
				CLANG_WARN_BLOCK_CAPTURE_AUTORELEASING = YES;
				CLANG_WARN_BOOL_CONVERSION = YES;
				CLANG_WARN_COMMA = YES;
				CLANG_WARN_CONSTANT_CONVERSION = YES;
				CLANG_WARN_DEPRECATED_OBJC_IMPLEMENTATIONS = YES;
				CLANG_WARN_DIRECT_OBJC_ISA_USAGE = YES_ERROR;
				CLANG_WARN_DOCUMENTATION_COMMENTS = YES;
				CLANG_WARN_EMPTY_BODY = YES;
				CLANG_WARN_ENUM_CONVERSION = YES;
				CLANG_WARN_INFINITE_RECURSION = YES;
				CLANG_WARN_INT_CONVERSION = YES;
				CLANG_WARN_NON_LITERAL_NULL_CONVERSION = YES;
				CLANG_WARN_OBJC_IMPLICIT_RETAIN_SELF = YES;
				CLANG_WARN_OBJC_LITERAL_CONVERSION = YES;
				CLANG_WARN_OBJC_ROOT_CLASS = YES_ERROR;
				CLANG_WARN_RANGE_LOOP_ANALYSIS = YES;
				CLANG_WARN_STRICT_PROTOTYPES = YES;
				CLANG_WARN_SUSPICIOUS_MOVE = YES;
				CLANG_WARN_UNGUARDED_AVAILABILITY = YES_AGGRESSIVE;
				CLANG_WARN_UNREACHABLE_CODE = YES;
				CLANG_WARN__DUPLICATE_METHOD_MATCH = YES;
				COPY_PHASE_STRIP = NO;
				DEBUG_INFORMATION_FORMAT = "dwarf-with-dsym";
				ENABLE_NS_ASSERTIONS = NO;
				ENABLE_STRICT_OBJC_MSGSEND = YES;
				GCC_C_LANGUAGE_STANDARD = gnu11;
				GCC_NO_COMMON_BLOCKS = YES;
				GCC_WARN_64_TO_32_BIT_CONVERSION = YES;
				GCC_WARN_ABOUT_RETURN_TYPE = YES_ERROR;
				GCC_WARN_UNDECLARED_SELECTOR = YES;
				GCC_WARN_UNINITIALIZED_AUTOS = YES_AGGRESSIVE;
				GCC_WARN_UNUSED_FUNCTION = YES;
				GCC_WARN_UNUSED_VARIABLE = YES;
				IPHONEOS_DEPLOYMENT_TARGET = 13.5;
				MTL_ENABLE_DEBUG_INFO = NO;
				MTL_FAST_MATH = YES;
				SDKROOT = iphoneos;
				SWIFT_COMPILATION_MODE = wholemodule;
				SWIFT_OPTIMIZATION_LEVEL = "-O";
				VALIDATE_PRODUCT = YES;
			};
			name = Release;
		};
		F0F7B198249E41C0005178A1 /* Debug */ = {
			isa = XCBuildConfiguration;
			buildSettings = {
				ASSETCATALOG_COMPILER_APPICON_NAME = AppIcon;
				CODE_SIGN_STYLE = Automatic;
				DEVELOPMENT_ASSET_PATHS = "\"MyCalendar/Preview Content\"";
				ENABLE_PREVIEWS = YES;
				INFOPLIST_FILE = MyCalendar/Info.plist;
				IPHONEOS_DEPLOYMENT_TARGET = 12.1;
				LD_RUNPATH_SEARCH_PATHS = (
					"$(inherited)",
					"@executable_path/Frameworks",
				);
				PRODUCT_BUNDLE_IDENTIFIER = leticia.MyCalendar;
				PRODUCT_NAME = "$(TARGET_NAME)";
				SWIFT_VERSION = 5.0;
				TARGETED_DEVICE_FAMILY = 1;
			};
			name = Debug;
		};
		F0F7B199249E41C0005178A1 /* Release */ = {
			isa = XCBuildConfiguration;
			buildSettings = {
				ASSETCATALOG_COMPILER_APPICON_NAME = AppIcon;
				CODE_SIGN_STYLE = Automatic;
				DEVELOPMENT_ASSET_PATHS = "\"MyCalendar/Preview Content\"";
				ENABLE_PREVIEWS = YES;
				INFOPLIST_FILE = MyCalendar/Info.plist;
				IPHONEOS_DEPLOYMENT_TARGET = 12.1;
				LD_RUNPATH_SEARCH_PATHS = (
					"$(inherited)",
					"@executable_path/Frameworks",
				);
				PRODUCT_BUNDLE_IDENTIFIER = leticia.MyCalendar;
				PRODUCT_NAME = "$(TARGET_NAME)";
				SWIFT_VERSION = 5.0;
				TARGETED_DEVICE_FAMILY = 1;
			};
			name = Release;
		};
		F0F7B19B249E41C0005178A1 /* Debug */ = {
			isa = XCBuildConfiguration;
			buildSettings = {
				ALWAYS_EMBED_SWIFT_STANDARD_LIBRARIES = YES;
				BUNDLE_LOADER = "$(TEST_HOST)";
				CODE_SIGN_STYLE = Automatic;
				INFOPLIST_FILE = MyCalendarTests/Info.plist;
				IPHONEOS_DEPLOYMENT_TARGET = 13.5;
				LD_RUNPATH_SEARCH_PATHS = (
					"$(inherited)",
					"@executable_path/Frameworks",
					"@loader_path/Frameworks",
				);
				PRODUCT_BUNDLE_IDENTIFIER = leticia.MyCalendarTests;
				PRODUCT_NAME = "$(TARGET_NAME)";
				SWIFT_VERSION = 5.0;
				TARGETED_DEVICE_FAMILY = "1,2";
				TEST_HOST = "$(BUILT_PRODUCTS_DIR)/MyCalendar.app/MyCalendar";
			};
			name = Debug;
		};
		F0F7B19C249E41C0005178A1 /* Release */ = {
			isa = XCBuildConfiguration;
			buildSettings = {
				ALWAYS_EMBED_SWIFT_STANDARD_LIBRARIES = YES;
				BUNDLE_LOADER = "$(TEST_HOST)";
				CODE_SIGN_STYLE = Automatic;
				INFOPLIST_FILE = MyCalendarTests/Info.plist;
				IPHONEOS_DEPLOYMENT_TARGET = 13.5;
				LD_RUNPATH_SEARCH_PATHS = (
					"$(inherited)",
					"@executable_path/Frameworks",
					"@loader_path/Frameworks",
				);
				PRODUCT_BUNDLE_IDENTIFIER = leticia.MyCalendarTests;
				PRODUCT_NAME = "$(TARGET_NAME)";
				SWIFT_VERSION = 5.0;
				TARGETED_DEVICE_FAMILY = "1,2";
				TEST_HOST = "$(BUILT_PRODUCTS_DIR)/MyCalendar.app/MyCalendar";
			};
			name = Release;
		};
		F0F7B19E249E41C0005178A1 /* Debug */ = {
			isa = XCBuildConfiguration;
			buildSettings = {
				ALWAYS_EMBED_SWIFT_STANDARD_LIBRARIES = YES;
				CODE_SIGN_STYLE = Automatic;
				INFOPLIST_FILE = MyCalendarUITests/Info.plist;
				LD_RUNPATH_SEARCH_PATHS = (
					"$(inherited)",
					"@executable_path/Frameworks",
					"@loader_path/Frameworks",
				);
				PRODUCT_BUNDLE_IDENTIFIER = leticia.MyCalendarUITests;
				PRODUCT_NAME = "$(TARGET_NAME)";
				SWIFT_VERSION = 5.0;
				TARGETED_DEVICE_FAMILY = "1,2";
				TEST_TARGET_NAME = MyCalendar;
			};
			name = Debug;
		};
		F0F7B19F249E41C0005178A1 /* Release */ = {
			isa = XCBuildConfiguration;
			buildSettings = {
				ALWAYS_EMBED_SWIFT_STANDARD_LIBRARIES = YES;
				CODE_SIGN_STYLE = Automatic;
				INFOPLIST_FILE = MyCalendarUITests/Info.plist;
				LD_RUNPATH_SEARCH_PATHS = (
					"$(inherited)",
					"@executable_path/Frameworks",
					"@loader_path/Frameworks",
				);
				PRODUCT_BUNDLE_IDENTIFIER = leticia.MyCalendarUITests;
				PRODUCT_NAME = "$(TARGET_NAME)";
				SWIFT_VERSION = 5.0;
				TARGETED_DEVICE_FAMILY = "1,2";
				TEST_TARGET_NAME = MyCalendar;
			};
			name = Release;
		};
/* End XCBuildConfiguration section */

/* Begin XCConfigurationList section */
		F0F7B165249E41BF005178A1 /* Build configuration list for PBXProject "MyCalendar" */ = {
			isa = XCConfigurationList;
			buildConfigurations = (
				F0F7B195249E41C0005178A1 /* Debug */,
				F0F7B196249E41C0005178A1 /* Release */,
			);
			defaultConfigurationIsVisible = 0;
			defaultConfigurationName = Release;
		};
		F0F7B197249E41C0005178A1 /* Build configuration list for PBXNativeTarget "MyCalendar" */ = {
			isa = XCConfigurationList;
			buildConfigurations = (
				F0F7B198249E41C0005178A1 /* Debug */,
				F0F7B199249E41C0005178A1 /* Release */,
			);
			defaultConfigurationIsVisible = 0;
			defaultConfigurationName = Release;
		};
		F0F7B19A249E41C0005178A1 /* Build configuration list for PBXNativeTarget "MyCalendarTests" */ = {
			isa = XCConfigurationList;
			buildConfigurations = (
				F0F7B19B249E41C0005178A1 /* Debug */,
				F0F7B19C249E41C0005178A1 /* Release */,
			);
			defaultConfigurationIsVisible = 0;
			defaultConfigurationName = Release;
		};
		F0F7B19D249E41C0005178A1 /* Build configuration list for PBXNativeTarget "MyCalendarUITests" */ = {
			isa = XCConfigurationList;
			buildConfigurations = (
				F0F7B19E249E41C0005178A1 /* Debug */,
				F0F7B19F249E41C0005178A1 /* Release */,
			);
			defaultConfigurationIsVisible = 0;
			defaultConfigurationName = Release;
		};
/* End XCConfigurationList section */

/* Begin XCVersionGroup section */
		F0F7B171249E41BF005178A1 /* MyCalendar.xcdatamodeld */ = {
			isa = XCVersionGroup;
			children = (
				F0F7B172249E41BF005178A1 /* MyCalendar.xcdatamodel */,
			);
			currentVersion = F0F7B172249E41BF005178A1 /* MyCalendar.xcdatamodel */;
			path = MyCalendar.xcdatamodeld;
			sourceTree = "<group>";
			versionGroupType = wrapper.xcdatamodel;
		};
/* End XCVersionGroup section */
	};
	rootObject = F0F7B162249E41BF005178A1 /* Project object */;
}
